
Microsoft Visual Studio Solution File, Format Version 12.00
# Visual Studio Version 16
VisualStudioVersion = 16.0.29411.108
MinimumVisualStudioVersion = 10.0.40219.1
Project("{FAE04EC0-301F-11D3-BF4B-00C04F79EFBC}") = "Daffodil.FactGeneratorSA", "src\app\Daffodil.FactGeneratorSA\Daffodil.FactGeneratorSA.csproj", "{DBD052FC-CEA9-41E6-B26A-85DAD56A001A}"
EndProject
Project("{FAE04EC0-301F-11D3-BF4B-00C04F79EFBC}") = "Daffodil.DatalogAnalysisFW", "src\lib\Daffodil.DatalogAnalysisFW\Daffodil.DatalogAnalysisFW.csproj", "{60A1151A-D3BB-4C0E-B92D-9D124D1B076B}"
EndProject
Project("{FAE04EC0-301F-11D3-BF4B-00C04F79EFBC}") = "Daffodil.Stubs", "src\stubs\Daffodil.Stubs\Daffodil.Stubs.csproj", "{A89DDF60-5CE4-4901-A120-80BDF51B6662}"
EndProject
Project("{FAE04EC0-301F-11D3-BF4B-00C04F79EFBC}") = "MNTest", "src\test\MNTest\MNTest.csproj", "{3C1E9C48-7C0A-4773-9429-45425B333D22}"
EndProject
Project("{FAE04EC0-301F-11D3-BF4B-00C04F79EFBC}") = "SignatureExpt", "src\test\SignatureExpt\SignatureExpt.csproj", "{F815BA39-C1E4-4BBF-9611-7ADBE1EA9D9E}"
EndProject
Project("{FAE04EC0-301F-11D3-BF4B-00C04F79EFBC}") = "T1", "src\test\T1\T1.csproj", "{924A4038-6914-4216-8DE0-2902CC319AC7}"
EndProject
Project("{FAE04EC0-301F-11D3-BF4B-00C04F79EFBC}") = "T2", "src\test\T2\T2.csproj", "{8EE06A58-1EB5-4CFD-81B5-23961ACB0C92}"
EndProject
Project("{FAE04EC0-301F-11D3-BF4B-00C04F79EFBC}") = "T3", "src\test\T3\T3.csproj", "{030FAD87-3A09-459A-A8FB-90400512653C}"
EndProject
Project("{FAE04EC0-301F-11D3-BF4B-00C04F79EFBC}") = "T4", "src\test\T4\T4.csproj", "{A5B2A369-55E4-4D0A-AC56-E455DC05134B}"
EndProject
Project("{FAE04EC0-301F-11D3-BF4B-00C04F79EFBC}") = "T5", "src\test\T5\T5.csproj", "{2E27CE73-6F91-49A8-BD86-8B391D04FDE5}"
EndProject
Project("{FAE04EC0-301F-11D3-BF4B-00C04F79EFBC}") = "T6", "src\test\T6\T6.csproj", "{1150D764-A665-463B-8F3C-9621279DBD27}"
EndProject
Project("{FAE04EC0-301F-11D3-BF4B-00C04F79EFBC}") = "T7", "src\test\T7\T7.csproj", "{0115F350-4386-4FF8-9477-DF10983951AD}"
EndProject
Project("{FAE04EC0-301F-11D3-BF4B-00C04F79EFBC}") = "T8", "src\test\T8\T8.csproj", "{1AB6EF4B-C1D7-402C-98EB-3749495702DB}"
EndProject
Project("{FAE04EC0-301F-11D3-BF4B-00C04F79EFBC}") = "T9", "src\test\T9\T9.csproj", "{D3A93302-4850-4344-B738-7311E0415326}"
EndProject
Project("{FAE04EC0-301F-11D3-BF4B-00C04F79EFBC}") = "T10", "src\test\T10\T10.csproj", "{1D57B2F1-3323-47DE-8C63-20979957F663}"
EndProject
Project("{FAE04EC0-301F-11D3-BF4B-00C04F79EFBC}") = "T11", "src\test\T11\T11.csproj", "{9157A809-2A62-4A3B-A371-814648E3BEFF}"
EndProject
Project("{FAE04EC0-301F-11D3-BF4B-00C04F79EFBC}") = "T12", "src\test\T12\T12.csproj", "{041013BE-6D01-496A-AA15-9F9AD7065694}"
EndProject
Project("{FAE04EC0-301F-11D3-BF4B-00C04F79EFBC}") = "T13", "src\test\T13\T13.csproj", "{AB6BDCAA-8D72-43F8-BB1C-ECBA11862B5B}"
EndProject
Project("{FAE04EC0-301F-11D3-BF4B-00C04F79EFBC}") = "T14", "src\test\T14\T14.csproj", "{F03DABB9-A16A-48B7-B1D1-3E1E17C6E3E9}"
EndProject
Project("{FAE04EC0-301F-11D3-BF4B-00C04F79EFBC}") = "T15", "src\test\T15\T15.csproj", "{3EECDD7D-93FE-4759-95B5-AAC94E47E643}"
EndProject
Project("{FAE04EC0-301F-11D3-BF4B-00C04F79EFBC}") = "T16", "src\test\T16\T16.csproj", "{556785BB-6EDA-4E58-ABD7-2D4721EE9EE0}"
EndProject
Project("{FAE04EC0-301F-11D3-BF4B-00C04F79EFBC}") = "T17", "src\test\T17\T17.csproj", "{649DB5CC-62B4-4C60-AC42-CCC6DD053750}"
EndProject
Project("{FAE04EC0-301F-11D3-BF4B-00C04F79EFBC}") = "T18", "src\test\T18\T18.csproj", "{7364EAA1-F175-4EDA-B5F6-844A0E9D1260}"
EndProject
Project("{FAE04EC0-301F-11D3-BF4B-00C04F79EFBC}") = "T19", "src\test\T19\T19.csproj", "{01EA194B-F71E-4FB3-BE60-925939D1DC39}"
EndProject
Project("{FAE04EC0-301F-11D3-BF4B-00C04F79EFBC}") = "T20", "src\test\T20\T20.csproj", "{22C6C93E-AA25-4197-B6EA-8F4FEC2B5E54}"
EndProject
Global
	GlobalSection(SolutionConfigurationPlatforms) = preSolution
		Debug|Any CPU = Debug|Any CPU
		Release|Any CPU = Release|Any CPU
	EndGlobalSection
	GlobalSection(ProjectConfigurationPlatforms) = postSolution
		{DBD052FC-CEA9-41E6-B26A-85DAD56A001A}.Debug|Any CPU.ActiveCfg = Debug|Any CPU
		{DBD052FC-CEA9-41E6-B26A-85DAD56A001A}.Debug|Any CPU.Build.0 = Debug|Any CPU
		{DBD052FC-CEA9-41E6-B26A-85DAD56A001A}.Release|Any CPU.ActiveCfg = Release|Any CPU
		{DBD052FC-CEA9-41E6-B26A-85DAD56A001A}.Release|Any CPU.Build.0 = Release|Any CPU
		{60A1151A-D3BB-4C0E-B92D-9D124D1B076B}.Debug|Any CPU.ActiveCfg = Debug|Any CPU
		{60A1151A-D3BB-4C0E-B92D-9D124D1B076B}.Debug|Any CPU.Build.0 = Debug|Any CPU
		{60A1151A-D3BB-4C0E-B92D-9D124D1B076B}.Release|Any CPU.ActiveCfg = Release|Any CPU
		{60A1151A-D3BB-4C0E-B92D-9D124D1B076B}.Release|Any CPU.Build.0 = Release|Any CPU
		{A89DDF60-5CE4-4901-A120-80BDF51B6662}.Debug|Any CPU.ActiveCfg = Debug|Any CPU
		{A89DDF60-5CE4-4901-A120-80BDF51B6662}.Debug|Any CPU.Build.0 = Debug|Any CPU
		{A89DDF60-5CE4-4901-A120-80BDF51B6662}.Release|Any CPU.ActiveCfg = Release|Any CPU
		{A89DDF60-5CE4-4901-A120-80BDF51B6662}.Release|Any CPU.Build.0 = Release|Any CPU
		{3C1E9C48-7C0A-4773-9429-45425B333D22}.Debug|Any CPU.ActiveCfg = Debug|Any CPU
		{3C1E9C48-7C0A-4773-9429-45425B333D22}.Debug|Any CPU.Build.0 = Debug|Any CPU
		{3C1E9C48-7C0A-4773-9429-45425B333D22}.Release|Any CPU.ActiveCfg = Release|Any CPU
		{3C1E9C48-7C0A-4773-9429-45425B333D22}.Release|Any CPU.Build.0 = Release|Any CPU
		{F815BA39-C1E4-4BBF-9611-7ADBE1EA9D9E}.Debug|Any CPU.ActiveCfg = Debug|Any CPU
		{F815BA39-C1E4-4BBF-9611-7ADBE1EA9D9E}.Debug|Any CPU.Build.0 = Debug|Any CPU
		{F815BA39-C1E4-4BBF-9611-7ADBE1EA9D9E}.Release|Any CPU.ActiveCfg = Release|Any CPU
		{F815BA39-C1E4-4BBF-9611-7ADBE1EA9D9E}.Release|Any CPU.Build.0 = Release|Any CPU
		{924A4038-6914-4216-8DE0-2902CC319AC7}.Debug|Any CPU.ActiveCfg = Debug|Any CPU
		{924A4038-6914-4216-8DE0-2902CC319AC7}.Debug|Any CPU.Build.0 = Debug|Any CPU
		{924A4038-6914-4216-8DE0-2902CC319AC7}.Release|Any CPU.ActiveCfg = Release|Any CPU
		{924A4038-6914-4216-8DE0-2902CC319AC7}.Release|Any CPU.Build.0 = Release|Any CPU
		{8EE06A58-1EB5-4CFD-81B5-23961ACB0C92}.Debug|Any CPU.ActiveCfg = Debug|Any CPU
		{8EE06A58-1EB5-4CFD-81B5-23961ACB0C92}.Debug|Any CPU.Build.0 = Debug|Any CPU
		{8EE06A58-1EB5-4CFD-81B5-23961ACB0C92}.Release|Any CPU.ActiveCfg = Release|Any CPU
		{8EE06A58-1EB5-4CFD-81B5-23961ACB0C92}.Release|Any CPU.Build.0 = Release|Any CPU
		{030FAD87-3A09-459A-A8FB-90400512653C}.Debug|Any CPU.ActiveCfg = Debug|Any CPU
		{030FAD87-3A09-459A-A8FB-90400512653C}.Debug|Any CPU.Build.0 = Debug|Any CPU
		{030FAD87-3A09-459A-A8FB-90400512653C}.Release|Any CPU.ActiveCfg = Release|Any CPU
		{030FAD87-3A09-459A-A8FB-90400512653C}.Release|Any CPU.Build.0 = Release|Any CPU
		{A5B2A369-55E4-4D0A-AC56-E455DC05134B}.Debug|Any CPU.ActiveCfg = Debug|Any CPU
		{A5B2A369-55E4-4D0A-AC56-E455DC05134B}.Debug|Any CPU.Build.0 = Debug|Any CPU
		{A5B2A369-55E4-4D0A-AC56-E455DC05134B}.Release|Any CPU.ActiveCfg = Release|Any CPU
		{A5B2A369-55E4-4D0A-AC56-E455DC05134B}.Release|Any CPU.Build.0 = Release|Any CPU
		{2E27CE73-6F91-49A8-BD86-8B391D04FDE5}.Debug|Any CPU.ActiveCfg = Debug|Any CPU
		{2E27CE73-6F91-49A8-BD86-8B391D04FDE5}.Debug|Any CPU.Build.0 = Debug|Any CPU
		{2E27CE73-6F91-49A8-BD86-8B391D04FDE5}.Release|Any CPU.ActiveCfg = Release|Any CPU
		{2E27CE73-6F91-49A8-BD86-8B391D04FDE5}.Release|Any CPU.Build.0 = Release|Any CPU
		{1150D764-A665-463B-8F3C-9621279DBD27}.Debug|Any CPU.ActiveCfg = Debug|Any CPU
		{1150D764-A665-463B-8F3C-9621279DBD27}.Debug|Any CPU.Build.0 = Debug|Any CPU
		{1150D764-A665-463B-8F3C-9621279DBD27}.Release|Any CPU.ActiveCfg = Release|Any CPU
		{1150D764-A665-463B-8F3C-9621279DBD27}.Release|Any CPU.Build.0 = Release|Any CPU
		{0115F350-4386-4FF8-9477-DF10983951AD}.Debug|Any CPU.ActiveCfg = Debug|Any CPU
		{0115F350-4386-4FF8-9477-DF10983951AD}.Debug|Any CPU.Build.0 = Debug|Any CPU
		{0115F350-4386-4FF8-9477-DF10983951AD}.Release|Any CPU.ActiveCfg = Release|Any CPU
		{0115F350-4386-4FF8-9477-DF10983951AD}.Release|Any CPU.Build.0 = Release|Any CPU
		{1AB6EF4B-C1D7-402C-98EB-3749495702DB}.Debug|Any CPU.ActiveCfg = Debug|Any CPU
		{1AB6EF4B-C1D7-402C-98EB-3749495702DB}.Debug|Any CPU.Build.0 = Debug|Any CPU
		{1AB6EF4B-C1D7-402C-98EB-3749495702DB}.Release|Any CPU.ActiveCfg = Release|Any CPU
		{1AB6EF4B-C1D7-402C-98EB-3749495702DB}.Release|Any CPU.Build.0 = Release|Any CPU
		{D3A93302-4850-4344-B738-7311E0415326}.Debug|Any CPU.ActiveCfg = Debug|Any CPU
		{D3A93302-4850-4344-B738-7311E0415326}.Debug|Any CPU.Build.0 = Debug|Any CPU
		{D3A93302-4850-4344-B738-7311E0415326}.Release|Any CPU.ActiveCfg = Release|Any CPU
		{D3A93302-4850-4344-B738-7311E0415326}.Release|Any CPU.Build.0 = Release|Any CPU
		{1D57B2F1-3323-47DE-8C63-20979957F663}.Debug|Any CPU.ActiveCfg = Debug|Any CPU
		{1D57B2F1-3323-47DE-8C63-20979957F663}.Debug|Any CPU.Build.0 = Debug|Any CPU
		{1D57B2F1-3323-47DE-8C63-20979957F663}.Release|Any CPU.ActiveCfg = Release|Any CPU
		{1D57B2F1-3323-47DE-8C63-20979957F663}.Release|Any CPU.Build.0 = Release|Any CPU
		{9157A809-2A62-4A3B-A371-814648E3BEFF}.Debug|Any CPU.ActiveCfg = Debug|Any CPU
		{9157A809-2A62-4A3B-A371-814648E3BEFF}.Debug|Any CPU.Build.0 = Debug|Any CPU
		{9157A809-2A62-4A3B-A371-814648E3BEFF}.Release|Any CPU.ActiveCfg = Release|Any CPU
		{9157A809-2A62-4A3B-A371-814648E3BEFF}.Release|Any CPU.Build.0 = Release|Any CPU
		{041013BE-6D01-496A-AA15-9F9AD7065694}.Debug|Any CPU.ActiveCfg = Debug|Any CPU
		{041013BE-6D01-496A-AA15-9F9AD7065694}.Debug|Any CPU.Build.0 = Debug|Any CPU
		{041013BE-6D01-496A-AA15-9F9AD7065694}.Release|Any CPU.ActiveCfg = Release|Any CPU
		{041013BE-6D01-496A-AA15-9F9AD7065694}.Release|Any CPU.Build.0 = Release|Any CPU
		{AB6BDCAA-8D72-43F8-BB1C-ECBA11862B5B}.Debug|Any CPU.ActiveCfg = Debug|Any CPU
		{AB6BDCAA-8D72-43F8-BB1C-ECBA11862B5B}.Debug|Any CPU.Build.0 = Debug|Any CPU
		{AB6BDCAA-8D72-43F8-BB1C-ECBA11862B5B}.Release|Any CPU.ActiveCfg = Release|Any CPU
		{AB6BDCAA-8D72-43F8-BB1C-ECBA11862B5B}.Release|Any CPU.Build.0 = Release|Any CPU
		{F03DABB9-A16A-48B7-B1D1-3E1E17C6E3E9}.Debug|Any CPU.ActiveCfg = Debug|Any CPU
		{F03DABB9-A16A-48B7-B1D1-3E1E17C6E3E9}.Debug|Any CPU.Build.0 = Debug|Any CPU
		{F03DABB9-A16A-48B7-B1D1-3E1E17C6E3E9}.Release|Any CPU.ActiveCfg = Release|Any CPU
		{F03DABB9-A16A-48B7-B1D1-3E1E17C6E3E9}.Release|Any CPU.Build.0 = Release|Any CPU
		{3EECDD7D-93FE-4759-95B5-AAC94E47E643}.Debug|Any CPU.ActiveCfg = Debug|Any CPU
		{3EECDD7D-93FE-4759-95B5-AAC94E47E643}.Debug|Any CPU.Build.0 = Debug|Any CPU
		{3EECDD7D-93FE-4759-95B5-AAC94E47E643}.Release|Any CPU.ActiveCfg = Release|Any CPU
		{3EECDD7D-93FE-4759-95B5-AAC94E47E643}.Release|Any CPU.Build.0 = Release|Any CPU
		{556785BB-6EDA-4E58-ABD7-2D4721EE9EE0}.Debug|Any CPU.ActiveCfg = Debug|Any CPU
		{556785BB-6EDA-4E58-ABD7-2D4721EE9EE0}.Debug|Any CPU.Build.0 = Debug|Any CPU
		{556785BB-6EDA-4E58-ABD7-2D4721EE9EE0}.Release|Any CPU.ActiveCfg = Release|Any CPU
		{556785BB-6EDA-4E58-ABD7-2D4721EE9EE0}.Release|Any CPU.Build.0 = Release|Any CPU
		{649DB5CC-62B4-4C60-AC42-CCC6DD053750}.Debug|Any CPU.ActiveCfg = Debug|Any CPU
		{649DB5CC-62B4-4C60-AC42-CCC6DD053750}.Debug|Any CPU.Build.0 = Debug|Any CPU
		{649DB5CC-62B4-4C60-AC42-CCC6DD053750}.Release|Any CPU.ActiveCfg = Release|Any CPU
		{649DB5CC-62B4-4C60-AC42-CCC6DD053750}.Release|Any CPU.Build.0 = Release|Any CPU
		{7364EAA1-F175-4EDA-B5F6-844A0E9D1260}.Debug|Any CPU.ActiveCfg = Debug|Any CPU
		{7364EAA1-F175-4EDA-B5F6-844A0E9D1260}.Debug|Any CPU.Build.0 = Debug|Any CPU
		{7364EAA1-F175-4EDA-B5F6-844A0E9D1260}.Release|Any CPU.ActiveCfg = Release|Any CPU
		{7364EAA1-F175-4EDA-B5F6-844A0E9D1260}.Release|Any CPU.Build.0 = Release|Any CPU
		{01EA194B-F71E-4FB3-BE60-925939D1DC39}.Debug|Any CPU.ActiveCfg = Debug|Any CPU
		{01EA194B-F71E-4FB3-BE60-925939D1DC39}.Debug|Any CPU.Build.0 = Debug|Any CPU
		{01EA194B-F71E-4FB3-BE60-925939D1DC39}.Release|Any CPU.ActiveCfg = Release|Any CPU
		{01EA194B-F71E-4FB3-BE60-925939D1DC39}.Release|Any CPU.Build.0 = Release|Any CPU
		{22C6C93E-AA25-4197-B6EA-8F4FEC2B5E54}.Debug|Any CPU.ActiveCfg = Debug|Any CPU
		{22C6C93E-AA25-4197-B6EA-8F4FEC2B5E54}.Debug|Any CPU.Build.0 = Debug|Any CPU
		{22C6C93E-AA25-4197-B6EA-8F4FEC2B5E54}.Release|Any CPU.ActiveCfg = Release|Any CPU
		{22C6C93E-AA25-4197-B6EA-8F4FEC2B5E54}.Release|Any CPU.Build.0 = Release|Any CPU
	EndGlobalSection
	GlobalSection(SolutionProperties) = preSolution
		HideSolutionNode = FALSE
	EndGlobalSection
	GlobalSection(ExtensibilityGlobals) = postSolution
		SolutionGuid = {130482E0-D3A1-4F5A-A19E-E6456E50FBED}
	EndGlobalSection
EndGlobal
